
Microsoft Visual Studio Solution File, Format Version 12.00
# Visual Studio Version 17
VisualStudioVersion = 17.12.35728.132
MinimumVisualStudioVersion = 10.0.40219.1
Project("{2150E333-8FDC-42A3-9474-1A3956D46DE8}") = "src", "src", "{FC52F16D-EC6C-4C4B-B10A-587DFBA8992F}"
EndProject
Project("{FAE04EC0-301F-11D3-BF4B-00C04F79EFBC}") = "TemplateBaseBe.Api", "src\TemplateBaseBe.Api\TemplateBaseBe.Api.csproj", "{A2CC905D-86EE-40F4-B84C-87DB942803EA}"
EndProject
Project("{FAE04EC0-301F-11D3-BF4B-00C04F79EFBC}") = "TemplateBaseBe.Application", "src\TemplateBaseBe.Application\TemplateBaseBe.Application.csproj", "{199F1EC1-830A-4973-B511-17EB647DAAA9}"
EndProject
Project("{FAE04EC0-301F-11D3-BF4B-00C04F79EFBC}") = "TemplateBaseBe.Domain", "src\TemplateBaseBe.Domain\TemplateBaseBe.Domain.csproj", "{11E974C9-1420-4B81-88C0-0A6C5A11A629}"
EndProject
Project("{FAE04EC0-301F-11D3-BF4B-00C04F79EFBC}") = "TemplateBaseBe.Communication", "src\TemplateBaseBe.Communication\TemplateBaseBe.Communication.csproj", "{C6CFE7E2-5587-4471-9053-9896D3E7BDF7}"
EndProject
Project("{FAE04EC0-301F-11D3-BF4B-00C04F79EFBC}") = "TemplateBaseBe.Data", "src\TemplateBaseBe.Infrastructure\TemplateBaseBe.Data.csproj", "{CF99BD34-2871-4F37-BF50-85D4F8232B49}"
EndProject
Project("{FAE04EC0-301F-11D3-BF4B-00C04F79EFBC}") = "TemplateBaseBe.Tests", "src\TemplateBaseBe.Tests\TemplateBaseBe.Tests.csproj", "{3CDE6BFF-B6E6-41D1-8AAC-B9BE5BA0B764}"
EndProject
Project("{2150E333-8FDC-42A3-9474-1A3956D46DE8}") = "Api", "Api", "{7E720783-AC63-4485-9819-E8F6805C1CAB}"
EndProject
Project("{2150E333-8FDC-42A3-9474-1A3956D46DE8}") = "Application", "Application", "{C5F42DAE-932B-4B47-A93A-F98EC8B8C765}"
EndProject
Project("{2150E333-8FDC-42A3-9474-1A3956D46DE8}") = "Domain", "Domain", "{E136715B-DCF1-4A57-A625-057EB2BC6B09}"
EndProject
Project("{2150E333-8FDC-42A3-9474-1A3956D46DE8}") = "Infrastructure", "Infrastructure", "{373B6B02-33F6-41F3-924F-2BA70927A32C}"
EndProject
Project("{2150E333-8FDC-42A3-9474-1A3956D46DE8}") = "Shared", "Shared", "{80D8E88C-6224-470E-B918-844CD655DDF6}"
EndProject
Project("{2150E333-8FDC-42A3-9474-1A3956D46DE8}") = "Tests", "Tests", "{9B164B98-C7B1-49A6-B632-5D70EE5FAEDE}"
EndProject
Project("{FAE04EC0-301F-11D3-BF4B-00C04F79EFBC}") = "TemplateBaseBe.IoC", "src\TemplateBaseBe.IoC\TemplateBaseBe.IoC.csproj", "{06BC7022-7BDD-4001-A9B6-5F6034053CF2}"
EndProject
Project("{FAE04EC0-301F-11D3-BF4B-00C04F79EFBC}") = "TemplateBaseBe.Exceptions", "src\TemplateBaseBe.Exceptions\TemplateBaseBe.Exceptions.csproj", "{DF4C9DFC-2AA1-473D-905A-0F809EA4CDB6}"
EndProject
Global
	GlobalSection(SolutionConfigurationPlatforms) = preSolution
		Debug|Any CPU = Debug|Any CPU
		Release|Any CPU = Release|Any CPU
	EndGlobalSection
	GlobalSection(ProjectConfigurationPlatforms) = postSolution
		{A2CC905D-86EE-40F4-B84C-87DB942803EA}.Debug|Any CPU.ActiveCfg = Debug|Any CPU
		{A2CC905D-86EE-40F4-B84C-87DB942803EA}.Debug|Any CPU.Build.0 = Debug|Any CPU
		{A2CC905D-86EE-40F4-B84C-87DB942803EA}.Release|Any CPU.ActiveCfg = Release|Any CPU
		{A2CC905D-86EE-40F4-B84C-87DB942803EA}.Release|Any CPU.Build.0 = Release|Any CPU
		{199F1EC1-830A-4973-B511-17EB647DAAA9}.Debug|Any CPU.ActiveCfg = Debug|Any CPU
		{199F1EC1-830A-4973-B511-17EB647DAAA9}.Debug|Any CPU.Build.0 = Debug|Any CPU
		{199F1EC1-830A-4973-B511-17EB647DAAA9}.Release|Any CPU.ActiveCfg = Release|Any CPU
		{199F1EC1-830A-4973-B511-17EB647DAAA9}.Release|Any CPU.Build.0 = Release|Any CPU
		{11E974C9-1420-4B81-88C0-0A6C5A11A629}.Debug|Any CPU.ActiveCfg = Debug|Any CPU
		{11E974C9-1420-4B81-88C0-0A6C5A11A629}.Debug|Any CPU.Build.0 = Debug|Any CPU
		{11E974C9-1420-4B81-88C0-0A6C5A11A629}.Release|Any CPU.ActiveCfg = Release|Any CPU
		{11E974C9-1420-4B81-88C0-0A6C5A11A629}.Release|Any CPU.Build.0 = Release|Any CPU
		{C6CFE7E2-5587-4471-9053-9896D3E7BDF7}.Debug|Any CPU.ActiveCfg = Debug|Any CPU
		{C6CFE7E2-5587-4471-9053-9896D3E7BDF7}.Debug|Any CPU.Build.0 = Debug|Any CPU
		{C6CFE7E2-5587-4471-9053-9896D3E7BDF7}.Release|Any CPU.ActiveCfg = Release|Any CPU
		{C6CFE7E2-5587-4471-9053-9896D3E7BDF7}.Release|Any CPU.Build.0 = Release|Any CPU
		{CF99BD34-2871-4F37-BF50-85D4F8232B49}.Debug|Any CPU.ActiveCfg = Debug|Any CPU
		{CF99BD34-2871-4F37-BF50-85D4F8232B49}.Debug|Any CPU.Build.0 = Debug|Any CPU
		{CF99BD34-2871-4F37-BF50-85D4F8232B49}.Release|Any CPU.ActiveCfg = Release|Any CPU
		{CF99BD34-2871-4F37-BF50-85D4F8232B49}.Release|Any CPU.Build.0 = Release|Any CPU
		{3CDE6BFF-B6E6-41D1-8AAC-B9BE5BA0B764}.Debug|Any CPU.ActiveCfg = Debug|Any CPU
		{3CDE6BFF-B6E6-41D1-8AAC-B9BE5BA0B764}.Debug|Any CPU.Build.0 = Debug|Any CPU
		{3CDE6BFF-B6E6-41D1-8AAC-B9BE5BA0B764}.Release|Any CPU.ActiveCfg = Release|Any CPU
		{3CDE6BFF-B6E6-41D1-8AAC-B9BE5BA0B764}.Release|Any CPU.Build.0 = Release|Any CPU
		{06BC7022-7BDD-4001-A9B6-5F6034053CF2}.Debug|Any CPU.ActiveCfg = Debug|Any CPU
		{06BC7022-7BDD-4001-A9B6-5F6034053CF2}.Debug|Any CPU.Build.0 = Debug|Any CPU
		{06BC7022-7BDD-4001-A9B6-5F6034053CF2}.Release|Any CPU.ActiveCfg = Release|Any CPU
		{06BC7022-7BDD-4001-A9B6-5F6034053CF2}.Release|Any CPU.Build.0 = Release|Any CPU
		{DF4C9DFC-2AA1-473D-905A-0F809EA4CDB6}.Debug|Any CPU.ActiveCfg = Debug|Any CPU
		{DF4C9DFC-2AA1-473D-905A-0F809EA4CDB6}.Debug|Any CPU.Build.0 = Debug|Any CPU
		{DF4C9DFC-2AA1-473D-905A-0F809EA4CDB6}.Release|Any CPU.ActiveCfg = Release|Any CPU
		{DF4C9DFC-2AA1-473D-905A-0F809EA4CDB6}.Release|Any CPU.Build.0 = Release|Any CPU
	EndGlobalSection
	GlobalSection(SolutionProperties) = preSolution
		HideSolutionNode = FALSE
	EndGlobalSection
	GlobalSection(NestedProjects) = preSolution
		{A2CC905D-86EE-40F4-B84C-87DB942803EA} = {7E720783-AC63-4485-9819-E8F6805C1CAB}
		{199F1EC1-830A-4973-B511-17EB647DAAA9} = {C5F42DAE-932B-4B47-A93A-F98EC8B8C765}
		{11E974C9-1420-4B81-88C0-0A6C5A11A629} = {E136715B-DCF1-4A57-A625-057EB2BC6B09}
		{C6CFE7E2-5587-4471-9053-9896D3E7BDF7} = {80D8E88C-6224-470E-B918-844CD655DDF6}
		{CF99BD34-2871-4F37-BF50-85D4F8232B49} = {373B6B02-33F6-41F3-924F-2BA70927A32C}
		{3CDE6BFF-B6E6-41D1-8AAC-B9BE5BA0B764} = {9B164B98-C7B1-49A6-B632-5D70EE5FAEDE}
		{7E720783-AC63-4485-9819-E8F6805C1CAB} = {FC52F16D-EC6C-4C4B-B10A-587DFBA8992F}
		{C5F42DAE-932B-4B47-A93A-F98EC8B8C765} = {FC52F16D-EC6C-4C4B-B10A-587DFBA8992F}
		{E136715B-DCF1-4A57-A625-057EB2BC6B09} = {FC52F16D-EC6C-4C4B-B10A-587DFBA8992F}
		{373B6B02-33F6-41F3-924F-2BA70927A32C} = {FC52F16D-EC6C-4C4B-B10A-587DFBA8992F}
		{80D8E88C-6224-470E-B918-844CD655DDF6} = {FC52F16D-EC6C-4C4B-B10A-587DFBA8992F}
		{9B164B98-C7B1-49A6-B632-5D70EE5FAEDE} = {FC52F16D-EC6C-4C4B-B10A-587DFBA8992F}
		{06BC7022-7BDD-4001-A9B6-5F6034053CF2} = {373B6B02-33F6-41F3-924F-2BA70927A32C}
		{DF4C9DFC-2AA1-473D-905A-0F809EA4CDB6} = {80D8E88C-6224-470E-B918-844CD655DDF6}
	EndGlobalSection
EndGlobal
